
Microsoft Visual Studio Solution File, Format Version 12.00
# Visual Studio Version 16
VisualStudioVersion = 16.0.31424.327
MinimumVisualStudioVersion = 10.0.40219.1
Project("{FAE04EC0-301F-11D3-BF4B-00C04F79EFBC}") = "ExercicioInterfaceContrato", "ExercicioInterfaceContrato\ExercicioInterfaceContrato.csproj", "{1D2790E3-B8E5-47FC-B429-34A06D054AF0}"
EndProject
Global
	GlobalSection(SolutionConfigurationPlatforms) = preSolution
		Debug|Any CPU = Debug|Any CPU
		Release|Any CPU = Release|Any CPU
	EndGlobalSection
	GlobalSection(ProjectConfigurationPlatforms) = postSolution
		{1D2790E3-B8E5-47FC-B429-34A06D054AF0}.Debug|Any CPU.ActiveCfg = Debug|Any CPU
		{1D2790E3-B8E5-47FC-B429-34A06D054AF0}.Debug|Any CPU.Build.0 = Debug|Any CPU
		{1D2790E3-B8E5-47FC-B429-34A06D054AF0}.Release|Any CPU.ActiveCfg = Release|Any CPU
		{1D2790E3-B8E5-47FC-B429-34A06D054AF0}.Release|Any CPU.Build.0 = Release|Any CPU
	EndGlobalSection
	GlobalSection(SolutionProperties) = preSolution
		HideSolutionNode = FALSE
	EndGlobalSection
	GlobalSection(ExtensibilityGlobals) = postSolution
		SolutionGuid = {9BBB3C0E-3BCD-44E7-BE84-C31741147C7A}
	EndGlobalSection
EndGlobal
